
Microsoft Visual Studio Solution File, Format Version 12.00
# Visual Studio Version 17
VisualStudioVersion = 17.2.32210.308
MinimumVisualStudioVersion = 10.0.40219.1
Project("{FAE04EC0-301F-11D3-BF4B-00C04F79EFBC}") = "CommandsService", "CommandsService\CommandsService.csproj", "{B646197C-DE97-4D3A-944A-D13CD440BFA2}"
EndProject
Global
	GlobalSection(SolutionConfigurationPlatforms) = preSolution
		Debug|Any CPU = Debug|Any CPU
		Release|Any CPU = Release|Any CPU
	EndGlobalSection
	GlobalSection(ProjectConfigurationPlatforms) = postSolution
		{B646197C-DE97-4D3A-944A-D13CD440BFA2}.Debug|Any CPU.ActiveCfg = Debug|Any CPU
		{B646197C-DE97-4D3A-944A-D13CD440BFA2}.Debug|Any CPU.Build.0 = Debug|Any CPU
		{B646197C-DE97-4D3A-944A-D13CD440BFA2}.Release|Any CPU.ActiveCfg = Release|Any CPU
		{B646197C-DE97-4D3A-944A-D13CD440BFA2}.Release|Any CPU.Build.0 = Release|Any CPU
	EndGlobalSection
	GlobalSection(SolutionProperties) = preSolution
		HideSolutionNode = FALSE
	EndGlobalSection
	GlobalSection(ExtensibilityGlobals) = postSolution
		SolutionGuid = {296F10E2-A3AD-4D9E-8CF6-BEDF288F06D2}
	EndGlobalSection
EndGlobal
